// !$*UTF8*$!
{
	archiveVersion = 1;
	classes = {
	};
	objectVersion = 46;
	objects = {

/* Begin PBXBuildFile section */
		FE2541441BD22BDE00408614 /* AppDelegate.swift in Sources */ = {isa = PBXBuildFile; fileRef = FE2541431BD22BDE00408614 /* AppDelegate.swift */; };
		FE2541461BD22BDE00408614 /* AudioUnitTimePitchViewController.swift in Sources */ = {isa = PBXBuildFile; fileRef = FE2541451BD22BDE00408614 /* AudioUnitTimePitchViewController.swift */; };
		FE25414B1BD22BDE00408614 /* Main.storyboard in Resources */ = {isa = PBXBuildFile; fileRef = FE2541491BD22BDE00408614 /* Main.storyboard */; };
		FE25414D1BD22BDE00408614 /* Assets.xcassets in Resources */ = {isa = PBXBuildFile; fileRef = FE25414C1BD22BDE00408614 /* Assets.xcassets */; };
		FE2541501BD22BDE00408614 /* LaunchScreen.storyboard in Resources */ = {isa = PBXBuildFile; fileRef = FE25414E1BD22BDE00408614 /* LaunchScreen.storyboard */; };
		FE25415A1BD22D3D00408614 /* AudioEnginePlayer.swift in Sources */ = {isa = PBXBuildFile; fileRef = FE2541591BD22D3D00408614 /* AudioEnginePlayer.swift */; };
		FE25415C1BD231A500408614 /* AudioUnitVarispeedViewController.swift in Sources */ = {isa = PBXBuildFile; fileRef = FE25415B1BD231A500408614 /* AudioUnitVarispeedViewController.swift */; };
		FEFA6E701BD2617900A76B35 /* AudioUnitDelayViewController.swift in Sources */ = {isa = PBXBuildFile; fileRef = FEFA6E6F1BD2617900A76B35 /* AudioUnitDelayViewController.swift */; };
		FEFA6E761BD2721800A76B35 /* sample.mp3 in Resources */ = {isa = PBXBuildFile; fileRef = FEFA6E751BD2721800A76B35 /* sample.mp3 */; };
		FEFA6E781BD2739900A76B35 /* AudioUnitDistortionViewController.swift in Sources */ = {isa = PBXBuildFile; fileRef = FEFA6E771BD2739900A76B35 /* AudioUnitDistortionViewController.swift */; };
/* End PBXBuildFile section */

/* Begin PBXFileReference section */
		FE2541401BD22BDE00408614 /* SwiftAudioEngineTester.app */ = {isa = PBXFileReference; explicitFileType = wrapper.application; includeInIndex = 0; path = SwiftAudioEngineTester.app; sourceTree = BUILT_PRODUCTS_DIR; };
		FE2541431BD22BDE00408614 /* AppDelegate.swift */ = {isa = PBXFileReference; lastKnownFileType = sourcecode.swift; path = AppDelegate.swift; sourceTree = "<group>"; };
		FE2541451BD22BDE00408614 /* AudioUnitTimePitchViewController.swift */ = {isa = PBXFileReference; lastKnownFileType = sourcecode.swift; path = AudioUnitTimePitchViewController.swift; sourceTree = "<group>"; };
		FE25414A1BD22BDE00408614 /* Base */ = {isa = PBXFileReference; lastKnownFileType = file.storyboard; name = Base; path = Base.lproj/Main.storyboard; sourceTree = "<group>"; };
		FE25414C1BD22BDE00408614 /* Assets.xcassets */ = {isa = PBXFileReference; lastKnownFileType = folder.assetcatalog; path = Assets.xcassets; sourceTree = "<group>"; };
		FE25414F1BD22BDE00408614 /* Base */ = {isa = PBXFileReference; lastKnownFileType = file.storyboard; name = Base; path = Base.lproj/LaunchScreen.storyboard; sourceTree = "<group>"; };
		FE2541511BD22BDE00408614 /* Info.plist */ = {isa = PBXFileReference; lastKnownFileType = text.plist.xml; path = Info.plist; sourceTree = "<group>"; };
		FE2541591BD22D3D00408614 /* AudioEnginePlayer.swift */ = {isa = PBXFileReference; fileEncoding = 4; lastKnownFileType = sourcecode.swift; path = AudioEnginePlayer.swift; sourceTree = "<group>"; };
		FE25415B1BD231A500408614 /* AudioUnitVarispeedViewController.swift */ = {isa = PBXFileReference; fileEncoding = 4; lastKnownFileType = sourcecode.swift; path = AudioUnitVarispeedViewController.swift; sourceTree = "<group>"; };
		FEFA6E6F1BD2617900A76B35 /* AudioUnitDelayViewController.swift */ = {isa = PBXFileReference; fileEncoding = 4; lastKnownFileType = sourcecode.swift; path = AudioUnitDelayViewController.swift; sourceTree = "<group>"; };
		FEFA6E751BD2721800A76B35 /* sample.mp3 */ = {isa = PBXFileReference; lastKnownFileType = audio.mp3; path = sample.mp3; sourceTree = "<group>"; };
		FEFA6E771BD2739900A76B35 /* AudioUnitDistortionViewController.swift */ = {isa = PBXFileReference; fileEncoding = 4; lastKnownFileType = sourcecode.swift; path = AudioUnitDistortionViewController.swift; sourceTree = "<group>"; };
/* End PBXFileReference section */

/* Begin PBXFrameworksBuildPhase section */
		FE25413D1BD22BDE00408614 /* Frameworks */ = {
			isa = PBXFrameworksBuildPhase;
			buildActionMask = 2147483647;
			files = (
			);
			runOnlyForDeploymentPostprocessing = 0;
		};
/* End PBXFrameworksBuildPhase section */

/* Begin PBXGroup section */
		FE2541371BD22BDE00408614 = {
			isa = PBXGroup;
			children = (
				FE2541421BD22BDE00408614 /* SwiftAudioEngineTester */,
				FE2541411BD22BDE00408614 /* Products */,
			);
			sourceTree = "<group>";
		};
		FE2541411BD22BDE00408614 /* Products */ = {
			isa = PBXGroup;
			children = (
				FE2541401BD22BDE00408614 /* SwiftAudioEngineTester.app */,
			);
			name = Products;
			sourceTree = "<group>";
		};
		FE2541421BD22BDE00408614 /* SwiftAudioEngineTester */ = {
			isa = PBXGroup;
			children = (
				FE2541431BD22BDE00408614 /* AppDelegate.swift */,
				FE2541591BD22D3D00408614 /* AudioEnginePlayer.swift */,
				FE2541451BD22BDE00408614 /* AudioUnitTimePitchViewController.swift */,
				FE25415B1BD231A500408614 /* AudioUnitVarispeedViewController.swift */,
				FEFA6E6F1BD2617900A76B35 /* AudioUnitDelayViewController.swift */,
				FEFA6E771BD2739900A76B35 /* AudioUnitDistortionViewController.swift */,
				FE2541491BD22BDE00408614 /* Main.storyboard */,
				FE25414C1BD22BDE00408614 /* Assets.xcassets */,
				FE25414E1BD22BDE00408614 /* LaunchScreen.storyboard */,
				FE2541511BD22BDE00408614 /* Info.plist */,
				FEFA6E751BD2721800A76B35 /* sample.mp3 */,
			);
			path = SwiftAudioEngineTester;
			sourceTree = "<group>";
		};
/* End PBXGroup section */

/* Begin PBXNativeTarget section */
		FE25413F1BD22BDE00408614 /* SwiftAudioEngineTester */ = {
			isa = PBXNativeTarget;
			buildConfigurationList = FE2541541BD22BDE00408614 /* Build configuration list for PBXNativeTarget "SwiftAudioEngineTester" */;
			buildPhases = (
				FE25413C1BD22BDE00408614 /* Sources */,
				FE25413D1BD22BDE00408614 /* Frameworks */,
				FE25413E1BD22BDE00408614 /* Resources */,
			);
			buildRules = (
			);
			dependencies = (
			);
			name = SwiftAudioEngineTester;
			productName = SwiftAudioEngineTester;
			productReference = FE2541401BD22BDE00408614 /* SwiftAudioEngineTester.app */;
			productType = "com.apple.product-type.application";
		};
/* End PBXNativeTarget section */

/* Begin PBXProject section */
		FE2541381BD22BDE00408614 /* Project object */ = {
			isa = PBXProject;
			attributes = {
				LastUpgradeCheck = 0940;
				ORGANIZATIONNAME = asmz;
				TargetAttributes = {
					FE25413F1BD22BDE00408614 = {
						CreatedOnToolsVersion = 7.0.1;
						LastSwiftMigration = 0940;
					};
				};
			};
			buildConfigurationList = FE25413B1BD22BDE00408614 /* Build configuration list for PBXProject "SwiftAudioEngineTester" */;
			compatibilityVersion = "Xcode 3.2";
			developmentRegion = English;
			hasScannedForEncodings = 0;
			knownRegions = (
				en,
				Base,
			);
			mainGroup = FE2541371BD22BDE00408614;
			productRefGroup = FE2541411BD22BDE00408614 /* Products */;
			projectDirPath = "";
			projectRoot = "";
			targets = (
				FE25413F1BD22BDE00408614 /* SwiftAudioEngineTester */,
			);
		};
/* End PBXProject section */

/* Begin PBXResourcesBuildPhase section */
		FE25413E1BD22BDE00408614 /* Resources */ = {
			isa = PBXResourcesBuildPhase;
			buildActionMask = 2147483647;
			files = (
				FE2541501BD22BDE00408614 /* LaunchScreen.storyboard in Resources */,
				FE25414D1BD22BDE00408614 /* Assets.xcassets in Resources */,
				FEFA6E761BD2721800A76B35 /* sample.mp3 in Resources */,
				FE25414B1BD22BDE00408614 /* Main.storyboard in Resources */,
			);
			runOnlyForDeploymentPostprocessing = 0;
		};
/* End PBXResourcesBuildPhase section */

/* Begin PBXSourcesBuildPhase section */
		FE25413C1BD22BDE00408614 /* Sources */ = {
			isa = PBXSourcesBuildPhase;
			buildActionMask = 2147483647;
			files = (
				FE25415C1BD231A500408614 /* AudioUnitVarispeedViewController.swift in Sources */,
				FE2541441BD22BDE00408614 /* AppDelegate.swift in Sources */,
				FE2541461BD22BDE00408614 /* AudioUnitTimePitchViewController.swift in Sources */,
				FEFA6E781BD2739900A76B35 /* AudioUnitDistortionViewController.swift in Sources */,
				FEFA6E701BD2617900A76B35 /* AudioUnitDelayViewController.swift in Sources */,
				FE25415A1BD22D3D00408614 /* AudioEnginePlayer.swift in Sources */,
			);
			runOnlyForDeploymentPostprocessing = 0;
		};
/* End PBXSourcesBuildPhase section */

/* Begin PBXVariantGroup section */
		FE2541491BD22BDE00408614 /* Main.storyboard */ = {
			isa = PBXVariantGroup;
			children = (
				FE25414A1BD22BDE00408614 /* Base */,
			);
			name = Main.storyboard;
			sourceTree = "<group>";
		};
		FE25414E1BD22BDE00408614 /* LaunchScreen.storyboard */ = {
			isa = PBXVariantGroup;
			children = (
				FE25414F1BD22BDE00408614 /* Base */,
			);
			name = LaunchScreen.storyboard;
			sourceTree = "<group>";
		};
/* End PBXVariantGroup section */

/* Begin XCBuildConfiguration section */
		FE2541521BD22BDE00408614 /* Debug */ = {
			isa = XCBuildConfiguration;
			buildSettings = {
				ALWAYS_SEARCH_USER_PATHS = NO;
				CLANG_CXX_LANGUAGE_STANDARD = "gnu++0x";
				CLANG_CXX_LIBRARY = "libc++";
				CLANG_ENABLE_MODULES = YES;
				CLANG_ENABLE_OBJC_ARC = YES;
				CLANG_WARN_BLOCK_CAPTURE_AUTORELEASING = YES;
				CLANG_WARN_BOOL_CONVERSION = YES;
				CLANG_WARN_COMMA = YES;
				CLANG_WARN_CONSTANT_CONVERSION = YES;
				CLANG_WARN_DEPRECATED_OBJC_IMPLEMENTATIONS = YES;
				CLANG_WARN_DIRECT_OBJC_ISA_USAGE = YES_ERROR;
				CLANG_WARN_EMPTY_BODY = YES;
				CLANG_WARN_ENUM_CONVERSION = YES;
				CLANG_WARN_INFINITE_RECURSION = YES;
				CLANG_WARN_INT_CONVERSION = YES;
				CLANG_WARN_NON_LITERAL_NULL_CONVERSION = YES;
				CLANG_WARN_OBJC_IMPLICIT_RETAIN_SELF = YES;
				CLANG_WARN_OBJC_LITERAL_CONVERSION = YES;
				CLANG_WARN_OBJC_ROOT_CLASS = YES_ERROR;
				CLANG_WARN_RANGE_LOOP_ANALYSIS = YES;
				CLANG_WARN_STRICT_PROTOTYPES = YES;
				CLANG_WARN_SUSPICIOUS_MOVE = YES;
				CLANG_WARN_UNREACHABLE_CODE = YES;
				CLANG_WARN__DUPLICATE_METHOD_MATCH = YES;
				"CODE_SIGN_IDENTITY[sdk=iphoneos*]" = "iPhone Developer";
				COPY_PHASE_STRIP = NO;
				DEBUG_INFORMATION_FORMAT = dwarf;
				ENABLE_STRICT_OBJC_MSGSEND = YES;
				ENABLE_TESTABILITY = YES;
				GCC_C_LANGUAGE_STANDARD = gnu99;
				GCC_DYNAMIC_NO_PIC = NO;
				GCC_NO_COMMON_BLOCKS = YES;
				GCC_OPTIMIZATION_LEVEL = 0;
				GCC_PREPROCESSOR_DEFINITIONS = (
					"DEBUG=1",
					"$(inherited)",
				);
				GCC_WARN_64_TO_32_BIT_CONVERSION = YES;
				GCC_WARN_ABOUT_RETURN_TYPE = YES_ERROR;
				GCC_WARN_UNDECLARED_SELECTOR = YES;
				GCC_WARN_UNINITIALIZED_AUTOS = YES_AGGRESSIVE;
				GCC_WARN_UNUSED_FUNCTION = YES;
				GCC_WARN_UNUSED_VARIABLE = YES;
				IPHONEOS_DEPLOYMENT_TARGET = 9.0;
				MTL_ENABLE_DEBUG_INFO = YES;
				ONLY_ACTIVE_ARCH = YES;
				SDKROOT = iphoneos;
				SWIFT_OPTIMIZATION_LEVEL = "-Onone";
			};
			name = Debug;
		};
		FE2541531BD22BDE00408614 /* Release */ = {
			isa = XCBuildConfiguration;
			buildSettings = {
				ALWAYS_SEARCH_USER_PATHS = NO;
				CLANG_CXX_LANGUAGE_STANDARD = "gnu++0x";
				CLANG_CXX_LIBRARY = "libc++";
				CLANG_ENABLE_MODULES = YES;
				CLANG_ENABLE_OBJC_ARC = YES;
				CLANG_WARN_BLOCK_CAPTURE_AUTORELEASING = YES;
				CLANG_WARN_BOOL_CONVERSION = YES;
				CLANG_WARN_COMMA = YES;
				CLANG_WARN_CONSTANT_CONVERSION = YES;
				CLANG_WARN_DEPRECATED_OBJC_IMPLEMENTATIONS = YES;
				CLANG_WARN_DIRECT_OBJC_ISA_USAGE = YES_ERROR;
				CLANG_WARN_EMPTY_BODY = YES;
				CLANG_WARN_ENUM_CONVERSION = YES;
				CLANG_WARN_INFINITE_RECURSION = YES;
				CLANG_WARN_INT_CONVERSION = YES;
				CLANG_WARN_NON_LITERAL_NULL_CONVERSION = YES;
				CLANG_WARN_OBJC_IMPLICIT_RETAIN_SELF = YES;
				CLANG_WARN_OBJC_LITERAL_CONVERSION = YES;
				CLANG_WARN_OBJC_ROOT_CLASS = YES_ERROR;
				CLANG_WARN_RANGE_LOOP_ANALYSIS = YES;
				CLANG_WARN_STRICT_PROTOTYPES = YES;
				CLANG_WARN_SUSPICIOUS_MOVE = YES;
				CLANG_WARN_UNREACHABLE_CODE = YES;
				CLANG_WARN__DUPLICATE_METHOD_MATCH = YES;
				"CODE_SIGN_IDENTITY[sdk=iphoneos*]" = "iPhone Developer";
				COPY_PHASE_STRIP = NO;
				DEBUG_INFORMATION_FORMAT = "dwarf-with-dsym";
				ENABLE_NS_ASSERTIONS = NO;
				ENABLE_STRICT_OBJC_MSGSEND = YES;
				GCC_C_LANGUAGE_STANDARD = gnu99;
				GCC_NO_COMMON_BLOCKS = YES;
				GCC_WARN_64_TO_32_BIT_CONVERSION = YES;
				GCC_WARN_ABOUT_RETURN_TYPE = YES_ERROR;
				GCC_WARN_UNDECLARED_SELECTOR = YES;
				GCC_WARN_UNINITIALIZED_AUTOS = YES_AGGRESSIVE;
				GCC_WARN_UNUSED_FUNCTION = YES;
				GCC_WARN_UNUSED_VARIABLE = YES;
				IPHONEOS_DEPLOYMENT_TARGET = 9.0;
				MTL_ENABLE_DEBUG_INFO = NO;
				SDKROOT = iphoneos;
				SWIFT_OPTIMIZATION_LEVEL = "-Owholemodule";
				VALIDATE_PRODUCT = YES;
			};
			name = Release;
		};
		FE2541551BD22BDE00408614 /* Debug */ = {
			isa = XCBuildConfiguration;
			buildSettings = {
				ASSETCATALOG_COMPILER_APPICON_NAME = AppIcon;
				INFOPLIST_FILE = SwiftAudioEngineTester/Info.plist;
				LD_RUNPATH_SEARCH_PATHS = "$(inherited) @executable_path/Frameworks";
				PRODUCT_BUNDLE_IDENTIFIER = beer.asmz.SwiftAudioEngineTester;
				PRODUCT_NAME = "$(TARGET_NAME)";
				SWIFT_SWIFT3_OBJC_INFERENCE = On;
				SWIFT_VERSION = 4.0;
			};
			name = Debug;
		};
		FE2541561BD22BDE00408614 /* Release */ = {
			isa = XCBuildConfiguration;
			buildSettings = {
				ASSETCATALOG_COMPILER_APPICON_NAME = AppIcon;
				INFOPLIST_FILE = SwiftAudioEngineTester/Info.plist;
				LD_RUNPATH_SEARCH_PATHS = "$(inherited) @executable_path/Frameworks";
				PRODUCT_BUNDLE_IDENTIFIER = beer.asmz.SwiftAudioEngineTester;
				PRODUCT_NAME = "$(TARGET_NAME)";
				SWIFT_SWIFT3_OBJC_INFERENCE = On;
				SWIFT_VERSION = 4.0;
			};
			name = Release;
		};
/* End XCBuildConfiguration section */

/* Begin XCConfigurationList section */
		FE25413B1BD22BDE00408614 /* Build configuration list for PBXProject "SwiftAudioEngineTester" */ = {
			isa = XCConfigurationList;
			buildConfigurations = (
				FE2541521BD22BDE00408614 /* Debug */,
				FE2541531BD22BDE00408614 /* Release */,
			);
			defaultConfigurationIsVisible = 0;
			defaultConfigurationName = Release;
		};
		FE2541541BD22BDE00408614 /* Build configuration list for PBXNativeTarget "SwiftAudioEngineTester" */ = {
			isa = XCConfigurationList;
			buildConfigurations = (
				FE2541551BD22BDE00408614 /* Debug */,
				FE2541561BD22BDE00408614 /* Release */,
			);
			defaultConfigurationIsVisible = 0;
			defaultConfigurationName = Release;
		};
/* End XCConfigurationList section */
	};
	rootObject = FE2541381BD22BDE00408614 /* Project object */;
}
